// !$*UTF8*$!
{
	archiveVersion = 1;
	classes = {
	};
	objectVersion = 54;
	objects = {

/* Begin PBXBuildFile section */
		B946A7AB2AF3399600D1D337 /* ExportDesigner.swift in Sources */ = {isa = PBXBuildFile; fileRef = B946A7AA2AF3399600D1D337 /* ExportDesigner.swift */; };
		B946A7AE2AF9F28000D1D337 /* PrintLayout.swift in Sources */ = {isa = PBXBuildFile; fileRef = B946A7AD2AF9F28000D1D337 /* PrintLayout.swift */; };
		B946A7B02AF9F2F600D1D337 /* LayoutedRecipe.swift in Sources */ = {isa = PBXBuildFile; fileRef = B946A7AF2AF9F2F600D1D337 /* LayoutedRecipe.swift */; };
		B946A7B22AF9F32B00D1D337 /* ImageLayoutButton.swift in Sources */ = {isa = PBXBuildFile; fileRef = B946A7B12AF9F32B00D1D337 /* ImageLayoutButton.swift */; };
		B946A7B42AF9F43F00D1D337 /* LayoutCustomizer.swift in Sources */ = {isa = PBXBuildFile; fileRef = B946A7B32AF9F43F00D1D337 /* LayoutCustomizer.swift */; };
		B952C3B22AD6411F00500055 /* Recipe.swift in Sources */ = {isa = PBXBuildFile; fileRef = B91B0D2126339B98007CB84A /* Recipe.swift */; };
		B952C3BC2AD78A9000500055 /* SwiftUI+CrossPlatform.swift in Sources */ = {isa = PBXBuildFile; fileRef = B952C3BB2AD78A9000500055 /* SwiftUI+CrossPlatform.swift */; };
		B952C3BE2AD78C2F00500055 /* RecipeImage.swift in Sources */ = {isa = PBXBuildFile; fileRef = B952C3BD2AD78C2F00500055 /* RecipeImage.swift */; };
		B952C3C02AD8242100500055 /* RevisionView.swift in Sources */ = {isa = PBXBuildFile; fileRef = B952C3BF2AD8242100500055 /* RevisionView.swift */; };
		B952C3C22AD82B7A00500055 /* UndoRedoButtons.swift in Sources */ = {isa = PBXBuildFile; fileRef = B952C3C12AD82B7A00500055 /* UndoRedoButtons.swift */; };
		B952C3C42AD8314900500055 /* TextItemEditor.swift in Sources */ = {isa = PBXBuildFile; fileRef = B952C3C32AD8314900500055 /* TextItemEditor.swift */; };
		B952C3C62AD8FBDF00500055 /* ErrorContainer.swift in Sources */ = {isa = PBXBuildFile; fileRef = B952C3C52AD8FBDF00500055 /* ErrorContainer.swift */; };
		B952C3C82AD9758000500055 /* RevisionListView.swift in Sources */ = {isa = PBXBuildFile; fileRef = B952C3C72AD9758000500055 /* RevisionListView.swift */; };
		B952C3CB2AD97A1800500055 /* Algorithms in Frameworks */ = {isa = PBXBuildFile; productRef = B952C3CA2AD97A1800500055 /* Algorithms */; };
		B952C3CD2ADA23B900500055 /* Localizable.xcstrings in Resources */ = {isa = PBXBuildFile; fileRef = B952C3CC2ADA23B900500055 /* Localizable.xcstrings */; };
		B966AA5E2AD41F2F003AD8B4 /* IterecipeApp.swift in Sources */ = {isa = PBXBuildFile; fileRef = B966AA5D2AD41F2F003AD8B4 /* IterecipeApp.swift */; };
		B966AA602AD41F2F003AD8B4 /* IterecipeDocument.swift in Sources */ = {isa = PBXBuildFile; fileRef = B966AA5F2AD41F2F003AD8B4 /* IterecipeDocument.swift */; };
		B966AA622AD41F2F003AD8B4 /* ContentView.swift in Sources */ = {isa = PBXBuildFile; fileRef = B966AA612AD41F2F003AD8B4 /* ContentView.swift */; };
		B966AA642AD41F32003AD8B4 /* Assets.xcassets in Resources */ = {isa = PBXBuildFile; fileRef = B966AA632AD41F32003AD8B4 /* Assets.xcassets */; };
		B966AA692AD41F32003AD8B4 /* Preview Assets.xcassets in Resources */ = {isa = PBXBuildFile; fileRef = B966AA682AD41F32003AD8B4 /* Preview Assets.xcassets */; };
		B98C76662ADF3C0D00D2944A /* ChecklistView.swift in Sources */ = {isa = PBXBuildFile; fileRef = B98C76652ADF3C0D00D2944A /* ChecklistView.swift */; };
		B9DA2B4F2AE801CA0014AB18 /* ProcessManager.swift in Sources */ = {isa = PBXBuildFile; fileRef = B9DA2B4E2AE801CA0014AB18 /* ProcessManager.swift */; };
		B9DA2B522AE8794E0014AB18 /* UserDefault in Frameworks */ = {isa = PBXBuildFile; productRef = B9DA2B512AE8794E0014AB18 /* UserDefault */; };
		B9DA2B562AE87B2C0014AB18 /* HandyOperators in Frameworks */ = {isa = PBXBuildFile; productRef = B9DA2B552AE87B2C0014AB18 /* HandyOperators */; };
		B9DA2B582AE87B480014AB18 /* ArrayBuilder in Frameworks */ = {isa = PBXBuildFile; productRef = B9DA2B572AE87B480014AB18 /* ArrayBuilder */; };
		B9E57DE32AEECD77004B9422 /* Observation+Tracking.swift in Sources */ = {isa = PBXBuildFile; fileRef = B9E57DE22AEECD76004B9422 /* Observation+Tracking.swift */; };
		B9E57DE52AF1E270004B9422 /* ProcessManagementControls.swift in Sources */ = {isa = PBXBuildFile; fileRef = B9E57DE42AF1E26F004B9422 /* ProcessManagementControls.swift */; };
		B9E57DE72AF1E558004B9422 /* NotificationHandler.swift in Sources */ = {isa = PBXBuildFile; fileRef = B9E57DE62AF1E558004B9422 /* NotificationHandler.swift */; };
		B9E57DE92AF1EDAA004B9422 /* CircleButton.swift in Sources */ = {isa = PBXBuildFile; fileRef = B9E57DE82AF1EDAA004B9422 /* CircleButton.swift */; };
/* End PBXBuildFile section */

/* Begin PBXFileReference section */
		B91B0D2126339B98007CB84A /* Recipe.swift */ = {isa = PBXFileReference; lastKnownFileType = sourcecode.swift; path = Recipe.swift; sourceTree = "<group>"; };
		B946A7AA2AF3399600D1D337 /* ExportDesigner.swift */ = {isa = PBXFileReference; lastKnownFileType = sourcecode.swift; path = ExportDesigner.swift; sourceTree = "<group>"; };
		B946A7AD2AF9F28000D1D337 /* PrintLayout.swift */ = {isa = PBXFileReference; lastKnownFileType = sourcecode.swift; path = PrintLayout.swift; sourceTree = "<group>"; };
		B946A7AF2AF9F2F600D1D337 /* LayoutedRecipe.swift */ = {isa = PBXFileReference; lastKnownFileType = sourcecode.swift; path = LayoutedRecipe.swift; sourceTree = "<group>"; };
		B946A7B12AF9F32B00D1D337 /* ImageLayoutButton.swift */ = {isa = PBXFileReference; lastKnownFileType = sourcecode.swift; path = ImageLayoutButton.swift; sourceTree = "<group>"; };
		B946A7B32AF9F43F00D1D337 /* LayoutCustomizer.swift */ = {isa = PBXFileReference; lastKnownFileType = sourcecode.swift; path = LayoutCustomizer.swift; sourceTree = "<group>"; };
		B952C3BB2AD78A9000500055 /* SwiftUI+CrossPlatform.swift */ = {isa = PBXFileReference; lastKnownFileType = sourcecode.swift; path = "SwiftUI+CrossPlatform.swift"; sourceTree = "<group>"; };
		B952C3BD2AD78C2F00500055 /* RecipeImage.swift */ = {isa = PBXFileReference; lastKnownFileType = sourcecode.swift; path = RecipeImage.swift; sourceTree = "<group>"; };
		B952C3BF2AD8242100500055 /* RevisionView.swift */ = {isa = PBXFileReference; lastKnownFileType = sourcecode.swift; path = RevisionView.swift; sourceTree = "<group>"; };
		B952C3C12AD82B7A00500055 /* UndoRedoButtons.swift */ = {isa = PBXFileReference; lastKnownFileType = sourcecode.swift; path = UndoRedoButtons.swift; sourceTree = "<group>"; };
		B952C3C32AD8314900500055 /* TextItemEditor.swift */ = {isa = PBXFileReference; lastKnownFileType = sourcecode.swift; path = TextItemEditor.swift; sourceTree = "<group>"; };
		B952C3C52AD8FBDF00500055 /* ErrorContainer.swift */ = {isa = PBXFileReference; lastKnownFileType = sourcecode.swift; path = ErrorContainer.swift; sourceTree = "<group>"; };
		B952C3C72AD9758000500055 /* RevisionListView.swift */ = {isa = PBXFileReference; lastKnownFileType = sourcecode.swift; path = RevisionListView.swift; sourceTree = "<group>"; };
		B952C3CC2ADA23B900500055 /* Localizable.xcstrings */ = {isa = PBXFileReference; lastKnownFileType = text.json.xcstrings; path = Localizable.xcstrings; sourceTree = "<group>"; };
		B966AA5B2AD41F2F003AD8B4 /* Iterecipe.app */ = {isa = PBXFileReference; explicitFileType = wrapper.application; includeInIndex = 0; path = Iterecipe.app; sourceTree = BUILT_PRODUCTS_DIR; };
		B966AA5D2AD41F2F003AD8B4 /* IterecipeApp.swift */ = {isa = PBXFileReference; lastKnownFileType = sourcecode.swift; path = IterecipeApp.swift; sourceTree = "<group>"; };
		B966AA5F2AD41F2F003AD8B4 /* IterecipeDocument.swift */ = {isa = PBXFileReference; lastKnownFileType = sourcecode.swift; path = IterecipeDocument.swift; sourceTree = "<group>"; };
		B966AA612AD41F2F003AD8B4 /* ContentView.swift */ = {isa = PBXFileReference; lastKnownFileType = sourcecode.swift; path = ContentView.swift; sourceTree = "<group>"; };
		B966AA632AD41F32003AD8B4 /* Assets.xcassets */ = {isa = PBXFileReference; lastKnownFileType = folder.assetcatalog; path = Assets.xcassets; sourceTree = "<group>"; };
		B966AA652AD41F32003AD8B4 /* Info.plist */ = {isa = PBXFileReference; lastKnownFileType = text.plist.xml; path = Info.plist; sourceTree = "<group>"; };
		B966AA662AD41F32003AD8B4 /* Iterecipe.entitlements */ = {isa = PBXFileReference; lastKnownFileType = text.plist.entitlements; path = Iterecipe.entitlements; sourceTree = "<group>"; };
		B966AA682AD41F32003AD8B4 /* Preview Assets.xcassets */ = {isa = PBXFileReference; lastKnownFileType = folder.assetcatalog; path = "Preview Assets.xcassets"; sourceTree = "<group>"; };
		B98C76652ADF3C0D00D2944A /* ChecklistView.swift */ = {isa = PBXFileReference; lastKnownFileType = sourcecode.swift; path = ChecklistView.swift; sourceTree = "<group>"; };
		B9DA2B4E2AE801CA0014AB18 /* ProcessManager.swift */ = {isa = PBXFileReference; lastKnownFileType = sourcecode.swift; path = ProcessManager.swift; sourceTree = "<group>"; };
		B9E57DE22AEECD76004B9422 /* Observation+Tracking.swift */ = {isa = PBXFileReference; fileEncoding = 4; lastKnownFileType = sourcecode.swift; path = "Observation+Tracking.swift"; sourceTree = "<group>"; };
		B9E57DE42AF1E26F004B9422 /* ProcessManagementControls.swift */ = {isa = PBXFileReference; lastKnownFileType = sourcecode.swift; path = ProcessManagementControls.swift; sourceTree = "<group>"; };
		B9E57DE62AF1E558004B9422 /* NotificationHandler.swift */ = {isa = PBXFileReference; lastKnownFileType = sourcecode.swift; path = NotificationHandler.swift; sourceTree = "<group>"; };
		B9E57DE82AF1EDAA004B9422 /* CircleButton.swift */ = {isa = PBXFileReference; lastKnownFileType = sourcecode.swift; path = CircleButton.swift; sourceTree = "<group>"; };
/* End PBXFileReference section */

/* Begin PBXFrameworksBuildPhase section */
		B966AA582AD41F2F003AD8B4 /* Frameworks */ = {
			isa = PBXFrameworksBuildPhase;
			buildActionMask = 2147483647;
			files = (
				B9DA2B562AE87B2C0014AB18 /* HandyOperators in Frameworks */,
				B952C3CB2AD97A1800500055 /* Algorithms in Frameworks */,
				B9DA2B582AE87B480014AB18 /* ArrayBuilder in Frameworks */,
				B9DA2B522AE8794E0014AB18 /* UserDefault in Frameworks */,
			);
			runOnlyForDeploymentPostprocessing = 0;
		};
/* End PBXFrameworksBuildPhase section */

/* Begin PBXGroup section */
		B91B0CF5263399FD007CB84A = {
			isa = PBXGroup;
			children = (
				B966AA5C2AD41F2F003AD8B4 /* Iterecipe */,
				B91B0D04263399FF007CB84A /* Products */,
				B952C3B32AD6417700500055 /* Frameworks */,
			);
			sourceTree = "<group>";
		};
		B91B0D04263399FF007CB84A /* Products */ = {
			isa = PBXGroup;
			children = (
				B966AA5B2AD41F2F003AD8B4 /* Iterecipe.app */,
			);
			name = Products;
			sourceTree = "<group>";
		};
		B946A7AC2AF9F26D00D1D337 /* Export */ = {
			isa = PBXGroup;
			children = (
				B946A7AA2AF3399600D1D337 /* ExportDesigner.swift */,
				B946A7B32AF9F43F00D1D337 /* LayoutCustomizer.swift */,
				B946A7B12AF9F32B00D1D337 /* ImageLayoutButton.swift */,
				B946A7AF2AF9F2F600D1D337 /* LayoutedRecipe.swift */,
				B946A7AD2AF9F28000D1D337 /* PrintLayout.swift */,
			);
			path = Export;
			sourceTree = "<group>";
		};
		B952C3B32AD6417700500055 /* Frameworks */ = {
			isa = PBXGroup;
			children = (
			);
			name = Frameworks;
			sourceTree = "<group>";
		};
		B952C3BA2AD78A7F00500055 /* Helpers */ = {
			isa = PBXGroup;
			children = (
				B9E57DE22AEECD76004B9422 /* Observation+Tracking.swift */,
				B952C3BB2AD78A9000500055 /* SwiftUI+CrossPlatform.swift */,
			);
			path = Helpers;
			sourceTree = "<group>";
		};
		B966AA5C2AD41F2F003AD8B4 /* Iterecipe */ = {
			isa = PBXGroup;
			children = (
				B966AA5D2AD41F2F003AD8B4 /* IterecipeApp.swift */,
				B966AA612AD41F2F003AD8B4 /* ContentView.swift */,
				B946A7AC2AF9F26D00D1D337 /* Export */,
				B9E57DE82AF1EDAA004B9422 /* CircleButton.swift */,
				B952C3C72AD9758000500055 /* RevisionListView.swift */,
				B952C3BF2AD8242100500055 /* RevisionView.swift */,
				B9E57DE42AF1E26F004B9422 /* ProcessManagementControls.swift */,
				B98C76652ADF3C0D00D2944A /* ChecklistView.swift */,
				B952C3C32AD8314900500055 /* TextItemEditor.swift */,
				B952C3C12AD82B7A00500055 /* UndoRedoButtons.swift */,
				B966AA5F2AD41F2F003AD8B4 /* IterecipeDocument.swift */,
				B91B0D2126339B98007CB84A /* Recipe.swift */,
				B952C3BD2AD78C2F00500055 /* RecipeImage.swift */,
				B952C3C52AD8FBDF00500055 /* ErrorContainer.swift */,
				B9DA2B4E2AE801CA0014AB18 /* ProcessManager.swift */,
				B9E57DE62AF1E558004B9422 /* NotificationHandler.swift */,
				B952C3BA2AD78A7F00500055 /* Helpers */,
				B966AA632AD41F32003AD8B4 /* Assets.xcassets */,
				B952C3CC2ADA23B900500055 /* Localizable.xcstrings */,
				B966AA652AD41F32003AD8B4 /* Info.plist */,
				B966AA662AD41F32003AD8B4 /* Iterecipe.entitlements */,
				B966AA672AD41F32003AD8B4 /* Preview Content */,
			);
			path = Iterecipe;
			sourceTree = "<group>";
		};
		B966AA672AD41F32003AD8B4 /* Preview Content */ = {
			isa = PBXGroup;
			children = (
				B966AA682AD41F32003AD8B4 /* Preview Assets.xcassets */,
			);
			path = "Preview Content";
			sourceTree = "<group>";
		};
/* End PBXGroup section */

/* Begin PBXNativeTarget section */
		B966AA5A2AD41F2F003AD8B4 /* Iterecipe */ = {
			isa = PBXNativeTarget;
			buildConfigurationList = B966AA6A2AD41F32003AD8B4 /* Build configuration list for PBXNativeTarget "Iterecipe" */;
			buildPhases = (
				B966AA572AD41F2F003AD8B4 /* Sources */,
				B966AA582AD41F2F003AD8B4 /* Frameworks */,
				B966AA592AD41F2F003AD8B4 /* Resources */,
			);
			buildRules = (
			);
			dependencies = (
			);
			name = Iterecipe;
			packageProductDependencies = (
				B952C3CA2AD97A1800500055 /* Algorithms */,
				B9DA2B512AE8794E0014AB18 /* UserDefault */,
				B9DA2B552AE87B2C0014AB18 /* HandyOperators */,
				B9DA2B572AE87B480014AB18 /* ArrayBuilder */,
			);
			productName = Iterecipe;
			productReference = B966AA5B2AD41F2F003AD8B4 /* Iterecipe.app */;
			productType = "com.apple.product-type.application";
		};
/* End PBXNativeTarget section */

/* Begin PBXProject section */
		B91B0CF6263399FD007CB84A /* Project object */ = {
			isa = PBXProject;
			attributes = {
				BuildIndependentTargetsInParallel = YES;
				LastSwiftUpdateCheck = 1500;
				LastUpgradeCheck = 1500;
				TargetAttributes = {
					B966AA5A2AD41F2F003AD8B4 = {
						CreatedOnToolsVersion = 15.0;
					};
				};
			};
			buildConfigurationList = B91B0CF9263399FD007CB84A /* Build configuration list for PBXProject "Iterecipe" */;
			compatibilityVersion = "Xcode 9.3";
			developmentRegion = en;
			hasScannedForEncodings = 0;
			knownRegions = (
				en,
				Base,
			);
			mainGroup = B91B0CF5263399FD007CB84A;
			packageReferences = (
				B952C3C92AD97A1800500055 /* XCRemoteSwiftPackageReference "swift-algorithms" */,
				B9DA2B502AE878F90014AB18 /* XCRemoteSwiftPackageReference "UserDefault" */,
				B9DA2B532AE87B0F0014AB18 /* XCRemoteSwiftPackageReference "ArrayBuilder" */,
				B9DA2B542AE87B2B0014AB18 /* XCRemoteSwiftPackageReference "HandyOperators" */,
			);
			productRefGroup = B91B0D04263399FF007CB84A /* Products */;
			projectDirPath = "";
			projectRoot = "";
			targets = (
				B966AA5A2AD41F2F003AD8B4 /* Iterecipe */,
			);
		};
/* End PBXProject section */

/* Begin PBXResourcesBuildPhase section */
		B966AA592AD41F2F003AD8B4 /* Resources */ = {
			isa = PBXResourcesBuildPhase;
			buildActionMask = 2147483647;
			files = (
				B966AA692AD41F32003AD8B4 /* Preview Assets.xcassets in Resources */,
				B966AA642AD41F32003AD8B4 /* Assets.xcassets in Resources */,
				B952C3CD2ADA23B900500055 /* Localizable.xcstrings in Resources */,
			);
			runOnlyForDeploymentPostprocessing = 0;
		};
/* End PBXResourcesBuildPhase section */

/* Begin PBXSourcesBuildPhase section */
		B966AA572AD41F2F003AD8B4 /* Sources */ = {
			isa = PBXSourcesBuildPhase;
			buildActionMask = 2147483647;
			files = (
				B946A7AE2AF9F28000D1D337 /* PrintLayout.swift in Sources */,
				B952C3C02AD8242100500055 /* RevisionView.swift in Sources */,
				B966AA5E2AD41F2F003AD8B4 /* IterecipeApp.swift in Sources */,
				B9E57DE92AF1EDAA004B9422 /* CircleButton.swift in Sources */,
				B9DA2B4F2AE801CA0014AB18 /* ProcessManager.swift in Sources */,
				B9E57DE32AEECD77004B9422 /* Observation+Tracking.swift in Sources */,
				B952C3BE2AD78C2F00500055 /* RecipeImage.swift in Sources */,
				B98C76662ADF3C0D00D2944A /* ChecklistView.swift in Sources */,
				B952C3C42AD8314900500055 /* TextItemEditor.swift in Sources */,
				B946A7AB2AF3399600D1D337 /* ExportDesigner.swift in Sources */,
				B952C3C82AD9758000500055 /* RevisionListView.swift in Sources */,
				B966AA602AD41F2F003AD8B4 /* IterecipeDocument.swift in Sources */,
				B9E57DE72AF1E558004B9422 /* NotificationHandler.swift in Sources */,
				B952C3BC2AD78A9000500055 /* SwiftUI+CrossPlatform.swift in Sources */,
				B946A7B42AF9F43F00D1D337 /* LayoutCustomizer.swift in Sources */,
				B952C3C62AD8FBDF00500055 /* ErrorContainer.swift in Sources */,
				B9E57DE52AF1E270004B9422 /* ProcessManagementControls.swift in Sources */,
				B946A7B22AF9F32B00D1D337 /* ImageLayoutButton.swift in Sources */,
				B966AA622AD41F2F003AD8B4 /* ContentView.swift in Sources */,
				B952C3B22AD6411F00500055 /* Recipe.swift in Sources */,
				B946A7B02AF9F2F600D1D337 /* LayoutedRecipe.swift in Sources */,
				B952C3C22AD82B7A00500055 /* UndoRedoButtons.swift in Sources */,
			);
			runOnlyForDeploymentPostprocessing = 0;
		};
/* End PBXSourcesBuildPhase section */

/* Begin XCBuildConfiguration section */
		B91B0D17263399FF007CB84A /* Debug */ = {
			isa = XCBuildConfiguration;
			buildSettings = {
				ALWAYS_SEARCH_USER_PATHS = NO;
				ASSETCATALOG_COMPILER_GENERATE_SWIFT_ASSET_SYMBOL_EXTENSIONS = YES;
				CLANG_ANALYZER_NONNULL = YES;
				CLANG_ANALYZER_NUMBER_OBJECT_CONVERSION = YES_AGGRESSIVE;
				CLANG_CXX_LANGUAGE_STANDARD = "gnu++14";
				CLANG_CXX_LIBRARY = "libc++";
				CLANG_ENABLE_MODULES = YES;
				CLANG_ENABLE_OBJC_ARC = YES;
				CLANG_ENABLE_OBJC_WEAK = YES;
				CLANG_WARN_BLOCK_CAPTURE_AUTORELEASING = YES;
				CLANG_WARN_BOOL_CONVERSION = YES;
				CLANG_WARN_COMMA = YES;
				CLANG_WARN_CONSTANT_CONVERSION = YES;
				CLANG_WARN_DEPRECATED_OBJC_IMPLEMENTATIONS = YES;
				CLANG_WARN_DIRECT_OBJC_ISA_USAGE = YES_ERROR;
				CLANG_WARN_DOCUMENTATION_COMMENTS = YES;
				CLANG_WARN_EMPTY_BODY = YES;
				CLANG_WARN_ENUM_CONVERSION = YES;
				CLANG_WARN_INFINITE_RECURSION = YES;
				CLANG_WARN_INT_CONVERSION = YES;
				CLANG_WARN_NON_LITERAL_NULL_CONVERSION = YES;
				CLANG_WARN_OBJC_IMPLICIT_RETAIN_SELF = YES;
				CLANG_WARN_OBJC_LITERAL_CONVERSION = YES;
				CLANG_WARN_OBJC_ROOT_CLASS = YES_ERROR;
				CLANG_WARN_QUOTED_INCLUDE_IN_FRAMEWORK_HEADER = YES;
				CLANG_WARN_RANGE_LOOP_ANALYSIS = YES;
				CLANG_WARN_STRICT_PROTOTYPES = YES;
				CLANG_WARN_SUSPICIOUS_MOVE = YES;
				CLANG_WARN_UNGUARDED_AVAILABILITY = YES_AGGRESSIVE;
				CLANG_WARN_UNREACHABLE_CODE = YES;
				CLANG_WARN__DUPLICATE_METHOD_MATCH = YES;
				COPY_PHASE_STRIP = NO;
				DEAD_CODE_STRIPPING = YES;
				DEBUG_INFORMATION_FORMAT = dwarf;
				ENABLE_STRICT_OBJC_MSGSEND = YES;
				ENABLE_TESTABILITY = YES;
				GCC_C_LANGUAGE_STANDARD = gnu11;
				GCC_DYNAMIC_NO_PIC = NO;
				GCC_NO_COMMON_BLOCKS = YES;
				GCC_OPTIMIZATION_LEVEL = 0;
				GCC_PREPROCESSOR_DEFINITIONS = (
					"DEBUG=1",
					"$(inherited)",
				);
				GCC_WARN_64_TO_32_BIT_CONVERSION = YES;
				GCC_WARN_ABOUT_RETURN_TYPE = YES_ERROR;
				GCC_WARN_UNDECLARED_SELECTOR = YES;
				GCC_WARN_UNINITIALIZED_AUTOS = YES_AGGRESSIVE;
				GCC_WARN_UNUSED_FUNCTION = YES;
				GCC_WARN_UNUSED_VARIABLE = YES;
				MTL_ENABLE_DEBUG_INFO = INCLUDE_SOURCE;
				MTL_FAST_MATH = YES;
				ONLY_ACTIVE_ARCH = YES;
				SWIFT_ACTIVE_COMPILATION_CONDITIONS = DEBUG;
				SWIFT_OPTIMIZATION_LEVEL = "-Onone";
				SWIFT_STRICT_CONCURRENCY = complete;
			};
			name = Debug;
		};
		B91B0D18263399FF007CB84A /* Release */ = {
			isa = XCBuildConfiguration;
			buildSettings = {
				ALWAYS_SEARCH_USER_PATHS = NO;
				ASSETCATALOG_COMPILER_GENERATE_SWIFT_ASSET_SYMBOL_EXTENSIONS = YES;
				CLANG_ANALYZER_NONNULL = YES;
				CLANG_ANALYZER_NUMBER_OBJECT_CONVERSION = YES_AGGRESSIVE;
				CLANG_CXX_LANGUAGE_STANDARD = "gnu++14";
				CLANG_CXX_LIBRARY = "libc++";
				CLANG_ENABLE_MODULES = YES;
				CLANG_ENABLE_OBJC_ARC = YES;
				CLANG_ENABLE_OBJC_WEAK = YES;
				CLANG_WARN_BLOCK_CAPTURE_AUTORELEASING = YES;
				CLANG_WARN_BOOL_CONVERSION = YES;
				CLANG_WARN_COMMA = YES;
				CLANG_WARN_CONSTANT_CONVERSION = YES;
				CLANG_WARN_DEPRECATED_OBJC_IMPLEMENTATIONS = YES;
				CLANG_WARN_DIRECT_OBJC_ISA_USAGE = YES_ERROR;
				CLANG_WARN_DOCUMENTATION_COMMENTS = YES;
				CLANG_WARN_EMPTY_BODY = YES;
				CLANG_WARN_ENUM_CONVERSION = YES;
				CLANG_WARN_INFINITE_RECURSION = YES;
				CLANG_WARN_INT_CONVERSION = YES;
				CLANG_WARN_NON_LITERAL_NULL_CONVERSION = YES;
				CLANG_WARN_OBJC_IMPLICIT_RETAIN_SELF = YES;
				CLANG_WARN_OBJC_LITERAL_CONVERSION = YES;
				CLANG_WARN_OBJC_ROOT_CLASS = YES_ERROR;
				CLANG_WARN_QUOTED_INCLUDE_IN_FRAMEWORK_HEADER = YES;
				CLANG_WARN_RANGE_LOOP_ANALYSIS = YES;
				CLANG_WARN_STRICT_PROTOTYPES = YES;
				CLANG_WARN_SUSPICIOUS_MOVE = YES;
				CLANG_WARN_UNGUARDED_AVAILABILITY = YES_AGGRESSIVE;
				CLANG_WARN_UNREACHABLE_CODE = YES;
				CLANG_WARN__DUPLICATE_METHOD_MATCH = YES;
				COPY_PHASE_STRIP = NO;
				DEAD_CODE_STRIPPING = YES;
				DEBUG_INFORMATION_FORMAT = "dwarf-with-dsym";
				ENABLE_NS_ASSERTIONS = NO;
				ENABLE_STRICT_OBJC_MSGSEND = YES;
				GCC_C_LANGUAGE_STANDARD = gnu11;
				GCC_NO_COMMON_BLOCKS = YES;
				GCC_WARN_64_TO_32_BIT_CONVERSION = YES;
				GCC_WARN_ABOUT_RETURN_TYPE = YES_ERROR;
				GCC_WARN_UNDECLARED_SELECTOR = YES;
				GCC_WARN_UNINITIALIZED_AUTOS = YES_AGGRESSIVE;
				GCC_WARN_UNUSED_FUNCTION = YES;
				GCC_WARN_UNUSED_VARIABLE = YES;
				MTL_ENABLE_DEBUG_INFO = NO;
				MTL_FAST_MATH = YES;
				SWIFT_COMPILATION_MODE = wholemodule;
				SWIFT_OPTIMIZATION_LEVEL = "-O";
				SWIFT_STRICT_CONCURRENCY = complete;
			};
			name = Release;
		};
		B966AA6B2AD41F32003AD8B4 /* Debug */ = {
			isa = XCBuildConfiguration;
			buildSettings = {
				ASSETCATALOG_COMPILER_APPICON_NAME = AppIcon;
				ASSETCATALOG_COMPILER_GENERATE_SWIFT_ASSET_SYMBOL_EXTENSIONS = YES;
				ASSETCATALOG_COMPILER_GLOBAL_ACCENT_COLOR_NAME = AccentColor;
				CLANG_CXX_LANGUAGE_STANDARD = "gnu++20";
				CODE_SIGN_ENTITLEMENTS = Iterecipe/Iterecipe.entitlements;
				CODE_SIGN_STYLE = Automatic;
				CURRENT_PROJECT_VERSION = 1;
				DEAD_CODE_STRIPPING = YES;
				DEVELOPMENT_ASSET_PATHS = "\"Iterecipe/Preview Content\"";
				DEVELOPMENT_TEAM = FT8GV27U5R;
				ENABLE_HARDENED_RUNTIME = YES;
				ENABLE_PREVIEWS = YES;
				ENABLE_USER_SCRIPT_SANDBOXING = YES;
				GCC_C_LANGUAGE_STANDARD = gnu17;
				GENERATE_INFOPLIST_FILE = YES;
				INFOPLIST_FILE = Iterecipe/Info.plist;
				INFOPLIST_KEY_CFBundleDisplayName = Iterecipe;
				INFOPLIST_KEY_LSApplicationCategoryType = "public.app-category.food-and-drink";
				"INFOPLIST_KEY_UIApplicationSceneManifest_Generation[sdk=iphoneos*]" = YES;
				"INFOPLIST_KEY_UIApplicationSceneManifest_Generation[sdk=iphonesimulator*]" = YES;
				"INFOPLIST_KEY_UIApplicationSupportsIndirectInputEvents[sdk=iphoneos*]" = YES;
				"INFOPLIST_KEY_UIApplicationSupportsIndirectInputEvents[sdk=iphonesimulator*]" = YES;
				"INFOPLIST_KEY_UILaunchScreen_Generation[sdk=iphoneos*]" = YES;
				"INFOPLIST_KEY_UILaunchScreen_Generation[sdk=iphonesimulator*]" = YES;
				"INFOPLIST_KEY_UIStatusBarStyle[sdk=iphoneos*]" = UIStatusBarStyleDefault;
				"INFOPLIST_KEY_UIStatusBarStyle[sdk=iphonesimulator*]" = UIStatusBarStyleDefault;
				INFOPLIST_KEY_UISupportedInterfaceOrientations_iPad = "UIInterfaceOrientationPortrait UIInterfaceOrientationPortraitUpsideDown UIInterfaceOrientationLandscapeLeft UIInterfaceOrientationLandscapeRight";
				INFOPLIST_KEY_UISupportedInterfaceOrientations_iPhone = "UIInterfaceOrientationPortrait UIInterfaceOrientationLandscapeLeft UIInterfaceOrientationLandscapeRight";
				"INFOPLIST_KEY_UISupportsDocumentBrowser[sdk=iphoneos*]" = YES;
				"INFOPLIST_KEY_UISupportsDocumentBrowser[sdk=iphonesimulator*]" = YES;
				IPHONEOS_DEPLOYMENT_TARGET = 17.0;
				LD_RUNPATH_SEARCH_PATHS = "@executable_path/Frameworks";
				"LD_RUNPATH_SEARCH_PATHS[sdk=macosx*]" = "@executable_path/../Frameworks";
				LOCALIZATION_PREFERS_STRING_CATALOGS = YES;
				MACOSX_DEPLOYMENT_TARGET = 14.0;
				MARKETING_VERSION = 1.0;
				PRODUCT_BUNDLE_IDENTIFIER = com.juliand665.Iterecipe;
				PRODUCT_NAME = "$(TARGET_NAME)";
				SDKROOT = auto;
				SUPPORTED_PLATFORMS = "iphoneos iphonesimulator macosx";
				SUPPORTS_MACCATALYST = YES;
				SWIFT_ACTIVE_COMPILATION_CONDITIONS = "DEBUG $(inherited)";
				SWIFT_EMIT_LOC_STRINGS = YES;
				SWIFT_VERSION = 5.0;
				TARGETED_DEVICE_FAMILY = "1,2";
			};
			name = Debug;
		};
		B966AA6C2AD41F32003AD8B4 /* Release */ = {
			isa = XCBuildConfiguration;
			buildSettings = {
				ASSETCATALOG_COMPILER_APPICON_NAME = AppIcon;
				ASSETCATALOG_COMPILER_GENERATE_SWIFT_ASSET_SYMBOL_EXTENSIONS = YES;
				ASSETCATALOG_COMPILER_GLOBAL_ACCENT_COLOR_NAME = AccentColor;
				CLANG_CXX_LANGUAGE_STANDARD = "gnu++20";
				CODE_SIGN_ENTITLEMENTS = Iterecipe/Iterecipe.entitlements;
				CODE_SIGN_STYLE = Automatic;
				CURRENT_PROJECT_VERSION = 1;
				DEAD_CODE_STRIPPING = YES;
				DEVELOPMENT_ASSET_PATHS = "\"Iterecipe/Preview Content\"";
				DEVELOPMENT_TEAM = FT8GV27U5R;
				ENABLE_HARDENED_RUNTIME = YES;
				ENABLE_PREVIEWS = YES;
				ENABLE_USER_SCRIPT_SANDBOXING = YES;
				GCC_C_LANGUAGE_STANDARD = gnu17;
				GENERATE_INFOPLIST_FILE = YES;
				INFOPLIST_FILE = Iterecipe/Info.plist;
				INFOPLIST_KEY_CFBundleDisplayName = Iterecipe;
				INFOPLIST_KEY_LSApplicationCategoryType = "public.app-category.food-and-drink";
				"INFOPLIST_KEY_UIApplicationSceneManifest_Generation[sdk=iphoneos*]" = YES;
				"INFOPLIST_KEY_UIApplicationSceneManifest_Generation[sdk=iphonesimulator*]" = YES;
				"INFOPLIST_KEY_UIApplicationSupportsIndirectInputEvents[sdk=iphoneos*]" = YES;
				"INFOPLIST_KEY_UIApplicationSupportsIndirectInputEvents[sdk=iphonesimulator*]" = YES;
				"INFOPLIST_KEY_UILaunchScreen_Generation[sdk=iphoneos*]" = YES;
				"INFOPLIST_KEY_UILaunchScreen_Generation[sdk=iphonesimulator*]" = YES;
				"INFOPLIST_KEY_UIStatusBarStyle[sdk=iphoneos*]" = UIStatusBarStyleDefault;
				"INFOPLIST_KEY_UIStatusBarStyle[sdk=iphonesimulator*]" = UIStatusBarStyleDefault;
				INFOPLIST_KEY_UISupportedInterfaceOrientations_iPad = "UIInterfaceOrientationPortrait UIInterfaceOrientationPortraitUpsideDown UIInterfaceOrientationLandscapeLeft UIInterfaceOrientationLandscapeRight";
				INFOPLIST_KEY_UISupportedInterfaceOrientations_iPhone = "UIInterfaceOrientationPortrait UIInterfaceOrientationLandscapeLeft UIInterfaceOrientationLandscapeRight";
				"INFOPLIST_KEY_UISupportsDocumentBrowser[sdk=iphoneos*]" = YES;
				"INFOPLIST_KEY_UISupportsDocumentBrowser[sdk=iphonesimulator*]" = YES;
				IPHONEOS_DEPLOYMENT_TARGET = 17.0;
				LD_RUNPATH_SEARCH_PATHS = "@executable_path/Frameworks";
				"LD_RUNPATH_SEARCH_PATHS[sdk=macosx*]" = "@executable_path/../Frameworks";
				LOCALIZATION_PREFERS_STRING_CATALOGS = YES;
				MACOSX_DEPLOYMENT_TARGET = 14.0;
				MARKETING_VERSION = 1.0;
				PRODUCT_BUNDLE_IDENTIFIER = com.juliand665.Iterecipe;
				PRODUCT_NAME = "$(TARGET_NAME)";
				SDKROOT = auto;
				SUPPORTED_PLATFORMS = "iphoneos iphonesimulator macosx";
				SUPPORTS_MACCATALYST = YES;
				SWIFT_EMIT_LOC_STRINGS = YES;
				SWIFT_VERSION = 5.0;
				TARGETED_DEVICE_FAMILY = "1,2";
			};
			name = Release;
		};
/* End XCBuildConfiguration section */

/* Begin XCConfigurationList section */
		B91B0CF9263399FD007CB84A /* Build configuration list for PBXProject "Iterecipe" */ = {
			isa = XCConfigurationList;
			buildConfigurations = (
				B91B0D17263399FF007CB84A /* Debug */,
				B91B0D18263399FF007CB84A /* Release */,
			);
			defaultConfigurationIsVisible = 0;
			defaultConfigurationName = Release;
		};
		B966AA6A2AD41F32003AD8B4 /* Build configuration list for PBXNativeTarget "Iterecipe" */ = {
			isa = XCConfigurationList;
			buildConfigurations = (
				B966AA6B2AD41F32003AD8B4 /* Debug */,
				B966AA6C2AD41F32003AD8B4 /* Release */,
			);
			defaultConfigurationIsVisible = 0;
			defaultConfigurationName = Release;
		};
/* End XCConfigurationList section */

/* Begin XCRemoteSwiftPackageReference section */
		B952C3C92AD97A1800500055 /* XCRemoteSwiftPackageReference "swift-algorithms" */ = {
			isa = XCRemoteSwiftPackageReference;
			repositoryURL = "https://github.com/apple/swift-algorithms.git";
			requirement = {
				kind = upToNextMajorVersion;
				minimumVersion = 1.1.0;
			};
		};
		B9DA2B502AE878F90014AB18 /* XCRemoteSwiftPackageReference "UserDefault" */ = {
			isa = XCRemoteSwiftPackageReference;
			repositoryURL = "https://github.com/juliand665/UserDefault";
			requirement = {
				kind = upToNextMajorVersion;
				minimumVersion = 1.0.2;
			};
		};
		B9DA2B532AE87B0F0014AB18 /* XCRemoteSwiftPackageReference "ArrayBuilder" */ = {
			isa = XCRemoteSwiftPackageReference;
			repositoryURL = "https://github.com/juliand665/ArrayBuilder";
			requirement = {
				kind = upToNextMajorVersion;
				minimumVersion = 1.1.0;
			};
		};
		B9DA2B542AE87B2B0014AB18 /* XCRemoteSwiftPackageReference "HandyOperators" */ = {
			isa = XCRemoteSwiftPackageReference;
			repositoryURL = "https://github.com/juliand665/HandyOperators";
			requirement = {
				kind = upToNextMajorVersion;
				minimumVersion = 2.0.1;
			};
		};
/* End XCRemoteSwiftPackageReference section */

/* Begin XCSwiftPackageProductDependency section */
		B952C3CA2AD97A1800500055 /* Algorithms */ = {
			isa = XCSwiftPackageProductDependency;
			package = B952C3C92AD97A1800500055 /* XCRemoteSwiftPackageReference "swift-algorithms" */;
			productName = Algorithms;
		};
		B9DA2B512AE8794E0014AB18 /* UserDefault */ = {
			isa = XCSwiftPackageProductDependency;
			package = B9DA2B502AE878F90014AB18 /* XCRemoteSwiftPackageReference "UserDefault" */;
			productName = UserDefault;
		};
		B9DA2B552AE87B2C0014AB18 /* HandyOperators */ = {
			isa = XCSwiftPackageProductDependency;
			package = B9DA2B542AE87B2B0014AB18 /* XCRemoteSwiftPackageReference "HandyOperators" */;
			productName = HandyOperators;
		};
		B9DA2B572AE87B480014AB18 /* ArrayBuilder */ = {
			isa = XCSwiftPackageProductDependency;
			package = B9DA2B532AE87B0F0014AB18 /* XCRemoteSwiftPackageReference "ArrayBuilder" */;
			productName = ArrayBuilder;
		};
/* End XCSwiftPackageProductDependency section */
	};
	rootObject = B91B0CF6263399FD007CB84A /* Project object */;
}
