{
  "pins" : [
    {
      "identity" : "alignedlabels",
      "kind" : "remoteSourceControl",
      "location" : "git@github.com:juliand665/AlignedLabels.git",
      "state" : {
        "branch" : "main",
        "revision" : "938496e5f15f0197dcc9cd03d71d065a79723ffb"
      }
    },
    {
      "identity" : "arraybuilder",
      "kind" : "remoteSourceControl",
      "location" : "git@github.com:juliand665/ArrayBuilder.git",
      "state" : {
        "branch" : "main",
        "revision" : "fc06af7372b00661f0f34578551c8abe96015403"
      }
    },
    {
      "identity" : "handyoperators",
      "kind" : "remoteSourceControl",
      "location" : "git@github.com:juliand665/HandyOperators.git",
      "state" : {
        "revision" : "483aa96950ad3078d092b2ba8d9dda6ea6576244",
        "version" : "1.0.0"
      }
    },
    {
      "identity" : "swift-algorithms",
      "kind" : "remoteSourceControl",
      "location" : "https://github.com/apple/swift-algorithms.git",
      "state" : {
        "revision" : "bcd4f369ac962bc3e5244c9df778739f8f5bdbf1",
        "version" : "1.1.0"
      }
    },
    {
      "identity" : "swift-numerics",
      "kind" : "remoteSourceControl",
      "location" : "https://github.com/apple/swift-numerics.git",
      "state" : {
        "revision" : "0a5bc04095a675662cf24757cc0640aa2204253b",
        "version" : "1.0.2"
      }
    },
    {
      "identity" : "swiftui-introspect",
      "kind" : "remoteSourceControl",
      "location" : "git@github.com:siteline/SwiftUI-Introspect.git",
      "state" : {
        "revision" : "2e09be8af614401bc9f87d40093ec19ce56ccaf2",
        "version" : "0.1.3"
      }
    },
    {
      "identity" : "swifui-missing-pieces",
      "kind" : "remoteSourceControl",
      "location" : "git@github.com:juliand665/SwifUI-Missing-Pieces.git",
      "state" : {
        "branch" : "main",
        "revision" : "536fc4c47a3df531619d24010eec67bf6bb19869"
      }
    }
  ],
  "version" : 2
}
